{
  "name": "story",
  "lockfileVersion": 3,
  "requires": true,
  "packages": {
    "": {
      "name": "story",
      "dependencies": {
        "@story-protocol/core-sdk": "^1.3.1",
        "pinata-web3": "^0.5.4",
        "viem": "^2.29.2"
      },
      "devDependencies": {
        "@types/bun": "latest"
      },
      "peerDependencies": {
        "typescript": "^5"
      }
    },
    "node_modules/@adraffy/ens-normalize": {
      "version": "1.11.0",
      "license": "MIT"
    },
    "node_modules/@chainsafe/is-ip": {
      "version": "2.1.0",
      "resolved": "https://registry.npmjs.org/@chainsafe/is-ip/-/is-ip-2.1.0.tgz",
      "integrity": "sha512-KIjt+6IfysQ4GCv66xihEitBjvhU/bixbbbFxdJ1sqCp4uJ0wuZiYBPhksZoy4lfaF0k9cwNzY5upEW/VWdw3w=="
    },
    "node_modules/@chainsafe/netmask": {
      "version": "2.0.0",
      "resolved": "https://registry.npmjs.org/@chainsafe/netmask/-/netmask-2.0.0.tgz",
      "integrity": "sha512-I3Z+6SWUoaljh3TBzCnCxjlUyN8tA+NAk5L6m9IxvCf1BENQTePzPMis97CoN/iMW1St3WN+AWCCRp+TTBRiDg==",
      "dependencies": {
        "@chainsafe/is-ip": "^2.0.1"
      }
    },
    "node_modules/@leichtgewicht/ip-codec": {
      "version": "2.0.5",
      "resolved": "https://registry.npmjs.org/@leichtgewicht/ip-codec/-/ip-codec-2.0.5.tgz",
      "integrity": "sha512-Vo+PSpZG2/fmgmiNzYK9qWRh8h/CHrwD0mo1h1DzL4yzHNSfWYujGTYsWGreD000gcgmZ7K4Ys6Tx9TxtsKdDw=="
    },
    "node_modules/@multiformats/dns": {
      "version": "1.0.6",
      "resolved": "https://registry.npmjs.org/@multiformats/dns/-/dns-1.0.6.tgz",
      "integrity": "sha512-nt/5UqjMPtyvkG9BQYdJ4GfLK3nMqGpFZOzf4hAmIa0sJh2LlS9YKXZ4FgwBDsaHvzZqR/rUFIywIc7pkHNNuw==",
      "dependencies": {
        "@types/dns-packet": "^5.6.5",
        "buffer": "^6.0.3",
        "dns-packet": "^5.6.1",
        "hashlru": "^2.3.0",
        "p-queue": "^8.0.1",
        "progress-events": "^1.0.0",
        "uint8arrays": "^5.0.2"
      }
    },
    "node_modules/@multiformats/mafmt": {
      "version": "12.1.6",
      "resolved": "https://registry.npmjs.org/@multiformats/mafmt/-/mafmt-12.1.6.tgz",
      "integrity": "sha512-tlJRfL21X+AKn9b5i5VnaTD6bNttpSpcqwKVmDmSHLwxoz97fAHaepqFOk/l1fIu94nImIXneNbhsJx/RQNIww==",
      "dependencies": {
        "@multiformats/multiaddr": "^12.0.0"
      }
    },
    "node_modules/@multiformats/multiaddr": {
      "version": "12.4.0",
      "resolved": "https://registry.npmjs.org/@multiformats/multiaddr/-/multiaddr-12.4.0.tgz",
      "integrity": "sha512-FL7yBTLijJ5JkO044BGb2msf+uJLrwpD6jD6TkXlbjA9N12+18HT40jvd4o5vL4LOJMc86dPX6tGtk/uI9kYKg==",
      "dependencies": {
        "@chainsafe/is-ip": "^2.0.1",
        "@chainsafe/netmask": "^2.0.0",
        "@multiformats/dns": "^1.0.3",
        "multiformats": "^13.0.0",
        "uint8-varint": "^2.0.1",
        "uint8arrays": "^5.0.0"
      }
    },
    "node_modules/@multiformats/multiaddr/node_modules/multiformats": {
      "version": "13.3.3",
      "resolved": "https://registry.npmjs.org/multiformats/-/multiformats-13.3.3.tgz",
      "integrity": "sha512-TlaFCzs3NHNzMpwiGwRYehnnhHlZcWfptygFekshlb9xCyO09GfN+9881+VBENCdRnKOeqmMxDCbupNecV8xRQ=="
    },
    "node_modules/@noble/curves": {
      "version": "1.8.2",
      "license": "MIT",
      "dependencies": {
        "@noble/hashes": "1.7.2"
      },
      "engines": {
        "node": "^14.21.3 || >=16"
      },
      "funding": {
        "url": "https://paulmillr.com/funding/"
      }
    },
    "node_modules/@noble/hashes": {
      "version": "1.7.2",
      "license": "MIT",
      "engines": {
        "node": "^14.21.3 || >=16"
      },
      "funding": {
        "url": "https://paulmillr.com/funding/"
      }
    },
    "node_modules/@scure/base": {
      "version": "1.2.5",
      "license": "MIT",
      "funding": {
        "url": "https://paulmillr.com/funding/"
      }
    },
    "node_modules/@scure/bip32": {
      "version": "1.6.2",
      "license": "MIT",
      "dependencies": {
        "@noble/curves": "~1.8.1",
        "@noble/hashes": "~1.7.1",
        "@scure/base": "~1.2.2"
      },
      "funding": {
        "url": "https://paulmillr.com/funding/"
      }
    },
    "node_modules/@scure/bip39": {
      "version": "1.5.4",
      "license": "MIT",
      "dependencies": {
        "@noble/hashes": "~1.7.1",
        "@scure/base": "~1.2.4"
      },
      "funding": {
        "url": "https://paulmillr.com/funding/"
      }
    },
    "node_modules/@story-protocol/core-sdk": {
      "version": "1.3.1",
      "license": "MIT",
      "dependencies": {
        "@scure/bip32": "^1.6.2",
        "abitype": "^0.10.2",
        "axios": "^1.5.1",
        "bs58": "^6.0.0",
        "dotenv": "^16.3.1",
        "multiformats": "9.9.0",
        "viem": "^2.8.12"
      }
    },
    "node_modules/@types/bun": {
      "version": "1.2.13",
      "resolved": "https://registry.npmjs.org/@types/bun/-/bun-1.2.13.tgz",
      "integrity": "sha512-u6vXep/i9VBxoJl3GjZsl/BFIsvML8DfVDO0RYLEwtSZSp981kEO1V5NwRcO1CPJ7AmvpbnDCiMKo3JvbDEjAg==",
      "dev": true,
      "dependencies": {
        "bun-types": "1.2.13"
      }
    },
    "node_modules/@types/dns-packet": {
      "version": "5.6.5",
      "resolved": "https://registry.npmjs.org/@types/dns-packet/-/dns-packet-5.6.5.tgz",
      "integrity": "sha512-qXOC7XLOEe43ehtWJCMnQXvgcIpv6rPmQ1jXT98Ad8A3TB1Ue50jsCbSSSyuazScEuZ/Q026vHbrOTVkmwA+7Q==",
      "dependencies": {
        "@types/node": "*"
      }
    },
    "node_modules/@types/node": {
      "version": "22.15.17",
      "license": "MIT",
      "dependencies": {
        "undici-types": "~6.21.0"
      }
    },
    "node_modules/abitype": {
      "version": "0.10.3",
      "license": "MIT",
      "funding": {
        "url": "https://github.com/sponsors/wevm"
      },
      "peerDependencies": {
        "typescript": ">=5.0.4",
        "zod": "^3 >=3.22.0"
      },
      "peerDependenciesMeta": {
        "typescript": {
          "optional": true
        },
        "zod": {
          "optional": true
        }
      }
    },
    "node_modules/asynckit": {
      "version": "0.4.0",
      "license": "MIT"
    },
    "node_modules/axios": {
      "version": "1.9.0",
      "license": "MIT",
      "dependencies": {
        "follow-redirects": "^1.15.6",
        "form-data": "^4.0.0",
        "proxy-from-env": "^1.1.0"
      }
    },
    "node_modules/base-x": {
      "version": "5.0.1",
      "license": "MIT"
    },
    "node_modules/base64-js": {
      "version": "1.5.1",
      "resolved": "https://registry.npmjs.org/base64-js/-/base64-js-1.5.1.tgz",
      "integrity": "sha512-AKpaYlHn8t4SVbOHCy+b5+KKgvR4vrsD8vbvrbiQJps7fKDTkjkDry6ji0rUJjC0kzbNePLwzxq8iypo41qeWA==",
      "funding": [
        {
          "type": "github",
          "url": "https://github.com/sponsors/feross"
        },
        {
          "type": "patreon",
          "url": "https://www.patreon.com/feross"
        },
        {
          "type": "consulting",
          "url": "https://feross.org/support"
        }
      ]
    },
    "node_modules/bs58": {
      "version": "6.0.0",
      "license": "MIT",
      "dependencies": {
        "base-x": "^5.0.0"
      }
    },
    "node_modules/buffer": {
      "version": "6.0.3",
      "resolved": "https://registry.npmjs.org/buffer/-/buffer-6.0.3.tgz",
      "integrity": "sha512-FTiCpNxtwiZZHEZbcbTIcZjERVICn9yq/pDFkTl95/AxzD1naBctN7YO68riM/gLSDY7sdrMby8hofADYuuqOA==",
      "funding": [
        {
          "type": "github",
          "url": "https://github.com/sponsors/feross"
        },
        {
          "type": "patreon",
          "url": "https://www.patreon.com/feross"
        },
        {
          "type": "consulting",
          "url": "https://feross.org/support"
        }
      ],
      "dependencies": {
        "base64-js": "^1.3.1",
        "ieee754": "^1.2.1"
      }
    },
    "node_modules/bun-types": {
      "version": "1.2.13",
      "dev": true,
      "license": "MIT",
      "dependencies": {
        "@types/node": "*"
      }
    },
    "node_modules/call-bind-apply-helpers": {
      "version": "1.0.2",
      "license": "MIT",
      "dependencies": {
        "es-errors": "^1.3.0",
        "function-bind": "^1.1.2"
      },
      "engines": {
        "node": ">= 0.4"
      }
    },
    "node_modules/combined-stream": {
      "version": "1.0.8",
      "license": "MIT",
      "dependencies": {
        "delayed-stream": "~1.0.0"
      },
      "engines": {
        "node": ">= 0.8"
      }
    },
    "node_modules/data-uri-to-buffer": {
      "version": "4.0.1",
      "resolved": "https://registry.npmjs.org/data-uri-to-buffer/-/data-uri-to-buffer-4.0.1.tgz",
      "integrity": "sha512-0R9ikRb668HB7QDxT1vkpuUBtqc53YyAwMwGeUFKRojY/NWKvdZ+9UYtRfGmhqNbRkTSVpMbmyhXipFFv2cb/A==",
      "engines": {
        "node": ">= 12"
      }
    },
    "node_modules/delayed-stream": {
      "version": "1.0.0",
      "license": "MIT",
      "engines": {
        "node": ">=0.4.0"
      }
    },
    "node_modules/dns-packet": {
      "version": "5.6.1",
      "resolved": "https://registry.npmjs.org/dns-packet/-/dns-packet-5.6.1.tgz",
      "integrity": "sha512-l4gcSouhcgIKRvyy99RNVOgxXiicE+2jZoNmaNmZ6JXiGajBOJAesk1OBlJuM5k2c+eudGdLxDqXuPCKIj6kpw==",
      "dependencies": {
        "@leichtgewicht/ip-codec": "^2.0.1"
      },
      "engines": {
        "node": ">=6"
      }
    },
    "node_modules/dotenv": {
      "version": "16.5.0",
      "license": "BSD-2-Clause",
      "engines": {
        "node": ">=12"
      },
      "funding": {
        "url": "https://dotenvx.com"
      }
    },
    "node_modules/dunder-proto": {
      "version": "1.0.1",
      "license": "MIT",
      "dependencies": {
        "call-bind-apply-helpers": "^1.0.1",
        "es-errors": "^1.3.0",
        "gopd": "^1.2.0"
      },
      "engines": {
        "node": ">= 0.4"
      }
    },
    "node_modules/es-define-property": {
      "version": "1.0.1",
      "license": "MIT",
      "engines": {
        "node": ">= 0.4"
      }
    },
    "node_modules/es-errors": {
      "version": "1.3.0",
      "license": "MIT",
      "engines": {
        "node": ">= 0.4"
      }
    },
    "node_modules/es-object-atoms": {
      "version": "1.1.1",
      "license": "MIT",
      "dependencies": {
        "es-errors": "^1.3.0"
      },
      "engines": {
        "node": ">= 0.4"
      }
    },
    "node_modules/es-set-tostringtag": {
      "version": "2.1.0",
      "license": "MIT",
      "dependencies": {
        "es-errors": "^1.3.0",
        "get-intrinsic": "^1.2.6",
        "has-tostringtag": "^1.0.2",
        "hasown": "^2.0.2"
      },
      "engines": {
        "node": ">= 0.4"
      }
    },
    "node_modules/eventemitter3": {
      "version": "5.0.1",
      "license": "MIT"
    },
    "node_modules/fetch-blob": {
      "version": "3.2.0",
      "resolved": "https://registry.npmjs.org/fetch-blob/-/fetch-blob-3.2.0.tgz",
      "integrity": "sha512-7yAQpD2UMJzLi1Dqv7qFYnPbaPx7ZfFK6PiIxQ4PfkGPyNyl2Ugx+a/umUonmKqjhM4DnfbMvdX6otXq83soQQ==",
      "funding": [
        {
          "type": "github",
          "url": "https://github.com/sponsors/jimmywarting"
        },
        {
          "type": "paypal",
          "url": "https://paypal.me/jimmywarting"
        }
      ],
      "dependencies": {
        "node-domexception": "^1.0.0",
        "web-streams-polyfill": "^3.0.3"
      },
      "engines": {
        "node": "^12.20 || >= 14.13"
      }
    },
    "node_modules/follow-redirects": {
      "version": "1.15.9",
      "funding": [
        {
          "type": "individual",
          "url": "https://github.com/sponsors/RubenVerborgh"
        }
      ],
      "license": "MIT",
      "engines": {
        "node": ">=4.0"
      },
      "peerDependenciesMeta": {
        "debug": {
          "optional": true
        }
      }
    },
    "node_modules/form-data": {
      "version": "4.0.2",
      "license": "MIT",
      "dependencies": {
        "asynckit": "^0.4.0",
        "combined-stream": "^1.0.8",
        "es-set-tostringtag": "^2.1.0",
        "mime-types": "^2.1.12"
      },
      "engines": {
        "node": ">= 6"
      }
    },
    "node_modules/formdata-polyfill": {
      "version": "4.0.10",
      "resolved": "https://registry.npmjs.org/formdata-polyfill/-/formdata-polyfill-4.0.10.tgz",
      "integrity": "sha512-buewHzMvYL29jdeQTVILecSaZKnt/RJWjoZCF5OW60Z67/GmSLBkOFM7qh1PI3zFNtJbaZL5eQu1vLfazOwj4g==",
      "dependencies": {
        "fetch-blob": "^3.1.2"
      },
      "engines": {
        "node": ">=12.20.0"
      }
    },
    "node_modules/function-bind": {
      "version": "1.1.2",
      "license": "MIT",
      "funding": {
        "url": "https://github.com/sponsors/ljharb"
      }
    },
    "node_modules/get-intrinsic": {
      "version": "1.3.0",
      "license": "MIT",
      "dependencies": {
        "call-bind-apply-helpers": "^1.0.2",
        "es-define-property": "^1.0.1",
        "es-errors": "^1.3.0",
        "es-object-atoms": "^1.1.1",
        "function-bind": "^1.1.2",
        "get-proto": "^1.0.1",
        "gopd": "^1.2.0",
        "has-symbols": "^1.1.0",
        "hasown": "^2.0.2",
        "math-intrinsics": "^1.1.0"
      },
      "engines": {
        "node": ">= 0.4"
      },
      "funding": {
        "url": "https://github.com/sponsors/ljharb"
      }
    },
    "node_modules/get-proto": {
      "version": "1.0.1",
      "license": "MIT",
      "dependencies": {
        "dunder-proto": "^1.0.1",
        "es-object-atoms": "^1.0.0"
      },
      "engines": {
        "node": ">= 0.4"
      }
    },
    "node_modules/gopd": {
      "version": "1.2.0",
      "license": "MIT",
      "engines": {
        "node": ">= 0.4"
      },
      "funding": {
        "url": "https://github.com/sponsors/ljharb"
      }
    },
    "node_modules/has-symbols": {
      "version": "1.1.0",
      "license": "MIT",
      "engines": {
        "node": ">= 0.4"
      },
      "funding": {
        "url": "https://github.com/sponsors/ljharb"
      }
    },
    "node_modules/has-tostringtag": {
      "version": "1.0.2",
      "license": "MIT",
      "dependencies": {
        "has-symbols": "^1.0.3"
      },
      "engines": {
        "node": ">= 0.4"
      },
      "funding": {
        "url": "https://github.com/sponsors/ljharb"
      }
    },
    "node_modules/hashlru": {
      "version": "2.3.0",
      "resolved": "https://registry.npmjs.org/hashlru/-/hashlru-2.3.0.tgz",
      "integrity": "sha512-0cMsjjIC8I+D3M44pOQdsy0OHXGLVz6Z0beRuufhKa0KfaD2wGwAev6jILzXsd3/vpnNQJmWyZtIILqM1N+n5A=="
    },
    "node_modules/hasown": {
      "version": "2.0.2",
      "license": "MIT",
      "dependencies": {
        "function-bind": "^1.1.2"
      },
      "engines": {
        "node": ">= 0.4"
      }
    },
    "node_modules/ieee754": {
      "version": "1.2.1",
      "resolved": "https://registry.npmjs.org/ieee754/-/ieee754-1.2.1.tgz",
      "integrity": "sha512-dcyqhDvX1C46lXZcVqCpK+FtMRQVdIMN6/Df5js2zouUsqG7I6sFxitIC+7KYK29KdXOLHdu9zL4sFnoVQnqaA==",
      "funding": [
        {
          "type": "github",
          "url": "https://github.com/sponsors/feross"
        },
        {
          "type": "patreon",
          "url": "https://www.patreon.com/feross"
        },
        {
          "type": "consulting",
          "url": "https://feross.org/support"
        }
      ]
    },
    "node_modules/is-ipfs": {
      "version": "8.0.4",
      "resolved": "https://registry.npmjs.org/is-ipfs/-/is-ipfs-8.0.4.tgz",
      "integrity": "sha512-upkO6a8WgBSZMMmuPzmF2NQLWXtiJtHxdEfEiMWrOzCKoZ+XEiM0XlK4fFMfo/PyiRmPMJ4PsNrXyvJeqMrJXA==",
      "dependencies": {
        "@multiformats/mafmt": "^12.1.6",
        "@multiformats/multiaddr": "^12.1.14",
        "iso-url": "^1.1.3",
        "multiformats": "^13.0.1",
        "uint8arrays": "^5.0.1"
      },
      "engines": {
        "node": ">=16.0.0",
        "npm": ">=7.0.0"
      }
    },
    "node_modules/is-ipfs/node_modules/multiformats": {
      "version": "13.3.3",
      "resolved": "https://registry.npmjs.org/multiformats/-/multiformats-13.3.3.tgz",
      "integrity": "sha512-TlaFCzs3NHNzMpwiGwRYehnnhHlZcWfptygFekshlb9xCyO09GfN+9881+VBENCdRnKOeqmMxDCbupNecV8xRQ=="
    },
    "node_modules/iso-url": {
      "version": "1.2.1",
      "resolved": "https://registry.npmjs.org/iso-url/-/iso-url-1.2.1.tgz",
      "integrity": "sha512-9JPDgCN4B7QPkLtYAAOrEuAWvP9rWvR5offAr0/SeF046wIkglqH3VXgYYP6NcsKslH80UIVgmPqNe3j7tG2ng==",
      "engines": {
        "node": ">=12"
      }
    },
    "node_modules/isows": {
      "version": "1.0.6",
      "funding": [
        {
          "type": "github",
          "url": "https://github.com/sponsors/wevm"
        }
      ],
      "license": "MIT",
      "peerDependencies": {
        "ws": "*"
      }
    },
    "node_modules/math-intrinsics": {
      "version": "1.1.0",
      "license": "MIT",
      "engines": {
        "node": ">= 0.4"
      }
    },
    "node_modules/mime-db": {
      "version": "1.52.0",
      "license": "MIT",
      "engines": {
        "node": ">= 0.6"
      }
    },
    "node_modules/mime-types": {
      "version": "2.1.35",
      "license": "MIT",
      "dependencies": {
        "mime-db": "1.52.0"
      },
      "engines": {
        "node": ">= 0.6"
      }
    },
    "node_modules/multiformats": {
      "version": "9.9.0",
      "license": "(Apache-2.0 AND MIT)"
    },
    "node_modules/node-domexception": {
      "version": "1.0.0",
      "resolved": "https://registry.npmjs.org/node-domexception/-/node-domexception-1.0.0.tgz",
      "integrity": "sha512-/jKZoMpw0F8GRwl4/eLROPA3cfcXtLApP0QzLmUT/HuPCZWyB7IY9ZrMeKw2O/nFIqPQB3PVM9aYm0F312AXDQ==",
      "deprecated": "Use your platform's native DOMException instead",
      "funding": [
        {
          "type": "github",
          "url": "https://github.com/sponsors/jimmywarting"
        },
        {
          "type": "github",
          "url": "https://paypal.me/jimmywarting"
        }
      ],
      "engines": {
        "node": ">=10.5.0"
      }
    },
    "node_modules/node-fetch": {
      "version": "3.3.2",
      "resolved": "https://registry.npmjs.org/node-fetch/-/node-fetch-3.3.2.tgz",
      "integrity": "sha512-dRB78srN/l6gqWulah9SrxeYnxeddIG30+GOqK/9OlLVyLg3HPnr6SqOWTWOXKRwC2eGYCkZ59NNuSgvSrpgOA==",
      "dependencies": {
        "data-uri-to-buffer": "^4.0.0",
        "fetch-blob": "^3.1.4",
        "formdata-polyfill": "^4.0.10"
      },
      "engines": {
        "node": "^12.20.0 || ^14.13.1 || >=16.0.0"
      },
      "funding": {
        "type": "opencollective",
        "url": "https://opencollective.com/node-fetch"
      }
    },
    "node_modules/ox": {
      "version": "0.6.9",
      "funding": [
        {
          "type": "github",
          "url": "https://github.com/sponsors/wevm"
        }
      ],
      "license": "MIT",
      "dependencies": {
        "@adraffy/ens-normalize": "^1.10.1",
        "@noble/curves": "^1.6.0",
        "@noble/hashes": "^1.5.0",
        "@scure/bip32": "^1.5.0",
        "@scure/bip39": "^1.4.0",
        "abitype": "^1.0.6",
        "eventemitter3": "5.0.1"
      },
      "peerDependencies": {
        "typescript": ">=5.4.0"
      },
      "peerDependenciesMeta": {
        "typescript": {
          "optional": true
        }
      }
    },
    "node_modules/ox/node_modules/abitype": {
      "version": "1.0.8",
      "license": "MIT",
      "funding": {
        "url": "https://github.com/sponsors/wevm"
      },
      "peerDependencies": {
        "typescript": ">=5.0.4",
        "zod": "^3 >=3.22.0"
      },
      "peerDependenciesMeta": {
        "typescript": {
          "optional": true
        },
        "zod": {
          "optional": true
        }
      }
    },
    "node_modules/p-queue": {
      "version": "8.1.0",
      "resolved": "https://registry.npmjs.org/p-queue/-/p-queue-8.1.0.tgz",
      "integrity": "sha512-mxLDbbGIBEXTJL0zEx8JIylaj3xQ7Z/7eEVjcF9fJX4DBiH9oqe+oahYnlKKxm0Ci9TlWTyhSHgygxMxjIB2jw==",
      "dependencies": {
        "eventemitter3": "^5.0.1",
        "p-timeout": "^6.1.2"
      },
      "engines": {
        "node": ">=18"
      },
      "funding": {
        "url": "https://github.com/sponsors/sindresorhus"
      }
    },
    "node_modules/p-timeout": {
      "version": "6.1.4",
      "resolved": "https://registry.npmjs.org/p-timeout/-/p-timeout-6.1.4.tgz",
      "integrity": "sha512-MyIV3ZA/PmyBN/ud8vV9XzwTrNtR4jFrObymZYnZqMmW0zA8Z17vnT0rBgFE/TlohB+YCHqXMgZzb3Csp49vqg==",
      "engines": {
        "node": ">=14.16"
      },
      "funding": {
        "url": "https://github.com/sponsors/sindresorhus"
      }
    },
    "node_modules/pinata-web3": {
      "version": "0.5.4",
      "resolved": "https://registry.npmjs.org/pinata-web3/-/pinata-web3-0.5.4.tgz",
      "integrity": "sha512-w98wheqt+2LRzNgU5+xZaPP3JZA8Cp33O647zU6AF0zYk15py9ti8g2Bl/7rwXyua3CN+EzHgzcu1wgKnhSZ8w==",
      "deprecated": "Package no longer supported. Contact Support at https://www.npmjs.com/support for more info.",
      "dependencies": {
        "axios": "^1.7.7",
        "form-data": "^4.0.0",
        "is-ipfs": "^8.0.4",
        "node-fetch": "^3.3.1"
      }
    },
    "node_modules/progress-events": {
      "version": "1.0.1",
      "resolved": "https://registry.npmjs.org/progress-events/-/progress-events-1.0.1.tgz",
      "integrity": "sha512-MOzLIwhpt64KIVN64h1MwdKWiyKFNc/S6BoYKPIVUHFg0/eIEyBulhWCgn678v/4c0ri3FdGuzXymNCv02MUIw=="
    },
    "node_modules/proxy-from-env": {
      "version": "1.1.0",
      "license": "MIT"
    },
    "node_modules/uint8-varint": {
      "version": "2.0.4",
      "resolved": "https://registry.npmjs.org/uint8-varint/-/uint8-varint-2.0.4.tgz",
      "integrity": "sha512-FwpTa7ZGA/f/EssWAb5/YV6pHgVF1fViKdW8cWaEarjB8t7NyofSWBdOTyFPaGuUG4gx3v1O3PQ8etsiOs3lcw==",
      "dependencies": {
        "uint8arraylist": "^2.0.0",
        "uint8arrays": "^5.0.0"
      }
    },
    "node_modules/uint8arraylist": {
      "version": "2.4.8",
      "resolved": "https://registry.npmjs.org/uint8arraylist/-/uint8arraylist-2.4.8.tgz",
      "integrity": "sha512-vc1PlGOzglLF0eae1M8mLRTBivsvrGsdmJ5RbK3e+QRvRLOZfZhQROTwH/OfyF3+ZVUg9/8hE8bmKP2CvP9quQ==",
      "dependencies": {
        "uint8arrays": "^5.0.1"
      }
    },
    "node_modules/uint8arrays": {
      "version": "5.1.0",
      "resolved": "https://registry.npmjs.org/uint8arrays/-/uint8arrays-5.1.0.tgz",
      "integrity": "sha512-vA6nFepEmlSKkMBnLBaUMVvAC4G3CTmO58C12y4sq6WPDOR7mOFYOi7GlrQ4djeSbP6JG9Pv9tJDM97PedRSww==",
      "dependencies": {
        "multiformats": "^13.0.0"
      }
    },
    "node_modules/uint8arrays/node_modules/multiformats": {
      "version": "13.3.3",
      "resolved": "https://registry.npmjs.org/multiformats/-/multiformats-13.3.3.tgz",
      "integrity": "sha512-TlaFCzs3NHNzMpwiGwRYehnnhHlZcWfptygFekshlb9xCyO09GfN+9881+VBENCdRnKOeqmMxDCbupNecV8xRQ=="
    },
    "node_modules/undici-types": {
      "version": "6.21.0",
      "license": "MIT"
    },
    "node_modules/viem": {
      "version": "2.29.2",
      "funding": [
        {
          "type": "github",
          "url": "https://github.com/sponsors/wevm"
        }
      ],
      "license": "MIT",
      "dependencies": {
        "@noble/curves": "1.8.2",
        "@noble/hashes": "1.7.2",
        "@scure/bip32": "1.6.2",
        "@scure/bip39": "1.5.4",
        "abitype": "1.0.8",
        "isows": "1.0.6",
        "ox": "0.6.9",
        "ws": "8.18.1"
      },
      "peerDependencies": {
        "typescript": ">=5.0.4"
      },
      "peerDependenciesMeta": {
        "typescript": {
          "optional": true
        }
      }
    },
    "node_modules/viem/node_modules/abitype": {
      "version": "1.0.8",
      "license": "MIT",
      "funding": {
        "url": "https://github.com/sponsors/wevm"
      },
      "peerDependencies": {
        "typescript": ">=5.0.4",
        "zod": "^3 >=3.22.0"
      },
      "peerDependenciesMeta": {
        "typescript": {
          "optional": true
        },
        "zod": {
          "optional": true
        }
      }
    },
    "node_modules/web-streams-polyfill": {
      "version": "3.3.3",
      "resolved": "https://registry.npmjs.org/web-streams-polyfill/-/web-streams-polyfill-3.3.3.tgz",
      "integrity": "sha512-d2JWLCivmZYTSIoge9MsgFCZrt571BikcWGYkjC1khllbTeDlGqZ2D8vD8E/lJa8WGWbb7Plm8/XJYV7IJHZZw==",
      "engines": {
        "node": ">= 8"
      }
    },
    "node_modules/ws": {
      "version": "8.18.1",
      "license": "MIT",
      "engines": {
        "node": ">=10.0.0"
      },
      "peerDependencies": {
        "bufferutil": "^4.0.1",
        "utf-8-validate": ">=5.0.2"
      },
      "peerDependenciesMeta": {
        "bufferutil": {
          "optional": true
        },
        "utf-8-validate": {
          "optional": true
        }
      }
    }
  }
}
